Microsoft Visual Studio Solution File, Format Version 12.00
# Visual Studio 2012
Project("{FAE04EC0-301F-11D3-BF4B-00C04F79EFBC}") = "Crossroads of Fate", "Crossroads of Fate.csproj", "{9AC63A16-7A50-49BE-9DDB-8C577C07149E}"
EndProject
Global
	GlobalSection(SolutionConfigurationPlatforms) = preSolution
	Debug|Any CPU = Debug|Any CPU
	ExportDebug|Any CPU = ExportDebug|Any CPU
	ExportRelease|Any CPU = ExportRelease|Any CPU
	EndGlobalSection
	GlobalSection(ProjectConfigurationPlatforms) = postSolution
		{9AC63A16-7A50-49BE-9DDB-8C577C07149E}.Debug|Any CPU.ActiveCfg = Debug|Any CPU
		{9AC63A16-7A50-49BE-9DDB-8C577C07149E}.Debug|Any CPU.Build.0 = Debug|Any CPU
		{9AC63A16-7A50-49BE-9DDB-8C577C07149E}.ExportDebug|Any CPU.ActiveCfg = ExportDebug|Any CPU
		{9AC63A16-7A50-49BE-9DDB-8C577C07149E}.ExportDebug|Any CPU.Build.0 = ExportDebug|Any CPU
		{9AC63A16-7A50-49BE-9DDB-8C577C07149E}.ExportRelease|Any CPU.ActiveCfg = ExportRelease|Any CPU
		{9AC63A16-7A50-49BE-9DDB-8C577C07149E}.ExportRelease|Any CPU.Build.0 = ExportRelease|Any CPU
	EndGlobalSection
EndGlobal
